
Microsoft Visual Studio Solution File, Format Version 12.00
# Visual Studio Version 16
VisualStudioVersion = 16.0.32407.337
MinimumVisualStudioVersion = 10.0.40219.1
Project("{FAE04EC0-301F-11D3-BF4B-00C04F79EFBC}") = "team_project_parking_lot", "team_project_parking_lot\team_project_parking_lot.csproj", "{420A48C9-7281-40AB-9410-F7008E84F275}"
EndProject
Global
	GlobalSection(SolutionConfigurationPlatforms) = preSolution
		Debug|Any CPU = Debug|Any CPU
		Release|Any CPU = Release|Any CPU
	EndGlobalSection
	GlobalSection(ProjectConfigurationPlatforms) = postSolution
		{420A48C9-7281-40AB-9410-F7008E84F275}.Debug|Any CPU.ActiveCfg = Debug|Any CPU
		{420A48C9-7281-40AB-9410-F7008E84F275}.Debug|Any CPU.Build.0 = Debug|Any CPU
		{420A48C9-7281-40AB-9410-F7008E84F275}.Release|Any CPU.ActiveCfg = Release|Any CPU
		{420A48C9-7281-40AB-9410-F7008E84F275}.Release|Any CPU.Build.0 = Release|Any CPU
	EndGlobalSection
	GlobalSection(SolutionProperties) = preSolution
		HideSolutionNode = FALSE
	EndGlobalSection
	GlobalSection(ExtensibilityGlobals) = postSolution
		SolutionGuid = {7B7DE570-095E-4CC0-899B-EB69F095D1E3}
	EndGlobalSection
EndGlobal
